
Microsoft Visual Studio Solution File, Format Version 12.00
# Visual Studio Version 17
VisualStudioVersion = 17.11.35327.3
MinimumVisualStudioVersion = 10.0.40219.1
Project("{FAE04EC0-301F-11D3-BF4B-00C04F79EFBC}") = "RadioApp", "Rdio)SheinSaCts22\RadioApp.csproj", "{AAC371A8-8244-45E1-B12D-BDAFF42C9BF8}"
EndProject
Global
	GlobalSection(SolutionConfigurationPlatforms) = preSolution
		Debug|Any CPU = Debug|Any CPU
		Release|Any CPU = Release|Any CPU
	EndGlobalSection
	GlobalSection(ProjectConfigurationPlatforms) = postSolution
		{AAC371A8-8244-45E1-B12D-BDAFF42C9BF8}.Debug|Any CPU.ActiveCfg = Debug|Any CPU
		{AAC371A8-8244-45E1-B12D-BDAFF42C9BF8}.Debug|Any CPU.Build.0 = Debug|Any CPU
		{AAC371A8-8244-45E1-B12D-BDAFF42C9BF8}.Release|Any CPU.ActiveCfg = Release|Any CPU
		{AAC371A8-8244-45E1-B12D-BDAFF42C9BF8}.Release|Any CPU.Build.0 = Release|Any CPU
	EndGlobalSection
	GlobalSection(SolutionProperties) = preSolution
		HideSolutionNode = FALSE
	EndGlobalSection
	GlobalSection(ExtensibilityGlobals) = postSolution
		SolutionGuid = {C3373A64-65F1-4758-88A1-324B4358D42B}
	EndGlobalSection
EndGlobal
